
Microsoft Visual Studio Solution File, Format Version 12.00
# Visual Studio 2012
Project("{FAE04EC0-301F-11D3-BF4B-00C04F79EFBC}") = "UnleashedApi", "UnleashedApi\UnleashedApi.csproj", "{AAD2E997-C923-4D76-A09C-6BA1C7818698}"
EndProject
Project("{FAE04EC0-301F-11D3-BF4B-00C04F79EFBC}") = "UnleashedApi.TestConsole", "UnleashedApi.TestConsole\UnleashedApi.TestConsole.csproj", "{CE7F68C9-3D97-4A29-B7C0-E66C15F5F36F}"
EndProject
Project("{FAE04EC0-301F-11D3-BF4B-00C04F79EFBC}") = "UnleashedApi.Tests", "UnleashedApi.Tests\UnleashedApi.Tests.csproj", "{B85ADCFA-7619-47B3-ADFE-CE63F71D4922}"
EndProject
Project("{2150E333-8FDC-42A3-9474-1A3956D46DE8}") = ".nuget", ".nuget", "{A80E96CF-885C-4D75-8334-1A7753F582DE}"
	ProjectSection(SolutionItems) = preProject
		.nuget\NuGet.Config = .nuget\NuGet.Config
		.nuget\NuGet.exe = .nuget\NuGet.exe
		.nuget\NuGet.targets = .nuget\NuGet.targets
	EndProjectSection
EndProject
Global
	GlobalSection(SolutionConfigurationPlatforms) = preSolution
		Debug|Any CPU = Debug|Any CPU
		Release|Any CPU = Release|Any CPU
	EndGlobalSection
	GlobalSection(ProjectConfigurationPlatforms) = postSolution
		{AAD2E997-C923-4D76-A09C-6BA1C7818698}.Debug|Any CPU.ActiveCfg = Debug|Any CPU
		{AAD2E997-C923-4D76-A09C-6BA1C7818698}.Debug|Any CPU.Build.0 = Debug|Any CPU
		{AAD2E997-C923-4D76-A09C-6BA1C7818698}.Release|Any CPU.ActiveCfg = Release|Any CPU
		{AAD2E997-C923-4D76-A09C-6BA1C7818698}.Release|Any CPU.Build.0 = Release|Any CPU
		{CE7F68C9-3D97-4A29-B7C0-E66C15F5F36F}.Debug|Any CPU.ActiveCfg = Debug|Any CPU
		{CE7F68C9-3D97-4A29-B7C0-E66C15F5F36F}.Debug|Any CPU.Build.0 = Debug|Any CPU
		{CE7F68C9-3D97-4A29-B7C0-E66C15F5F36F}.Release|Any CPU.ActiveCfg = Release|Any CPU
		{CE7F68C9-3D97-4A29-B7C0-E66C15F5F36F}.Release|Any CPU.Build.0 = Release|Any CPU
		{B85ADCFA-7619-47B3-ADFE-CE63F71D4922}.Debug|Any CPU.ActiveCfg = Debug|Any CPU
		{B85ADCFA-7619-47B3-ADFE-CE63F71D4922}.Debug|Any CPU.Build.0 = Debug|Any CPU
		{B85ADCFA-7619-47B3-ADFE-CE63F71D4922}.Release|Any CPU.ActiveCfg = Release|Any CPU
		{B85ADCFA-7619-47B3-ADFE-CE63F71D4922}.Release|Any CPU.Build.0 = Release|Any CPU
	EndGlobalSection
	GlobalSection(SolutionProperties) = preSolution
		HideSolutionNode = FALSE
	EndGlobalSection
EndGlobal
